// !$*UTF8*$!
{
	archiveVersion = 1;
	classes = {
	};
	objectVersion = 48;
	objects = {

/* Begin PBXBuildFile section */
		6A23EBA51F77132C00EE3D53 /* PlatformNames.plist in Resources */ = {isa = PBXBuildFile; fileRef = 6A23EBA41F77101B00EE3D53 /* PlatformNames.plist */; };
		6A36AC771F6C7B9100E77890 /* BodyCell.swift in Sources */ = {isa = PBXBuildFile; fileRef = 6A36AC761F6C7B9100E77890 /* BodyCell.swift */; };
		6A36AC781F6E0AB200E77890 /* CTFeedback.framework in Frameworks */ = {isa = PBXBuildFile; fileRef = 6A46387B1F6130D600CD41BC /* CTFeedback.framework */; };
		6A36AC791F6E0AB200E77890 /* CTFeedback.framework in Embed Frameworks */ = {isa = PBXBuildFile; fileRef = 6A46387B1F6130D600CD41BC /* CTFeedback.framework */; settings = {ATTRIBUTES = (CodeSignOnCopy, RemoveHeadersOnCopy, ); }; };
		6A4638851F6130D600CD41BC /* CTFeedback.framework in Frameworks */ = {isa = PBXBuildFile; fileRef = 6A46387B1F6130D600CD41BC /* CTFeedback.framework */; };
		6A46388C1F6130D600CD41BC /* CTFeedbackSwift.h in Headers */ = {isa = PBXBuildFile; fileRef = 6A46387E1F6130D600CD41BC /* CTFeedbackSwift.h */; settings = {ATTRIBUTES = (Public, ); }; };
		6A4638B71F61355600CD41BC /* AppDelegate.swift in Sources */ = {isa = PBXBuildFile; fileRef = 6A4638B61F61355600CD41BC /* AppDelegate.swift */; };
		6A4638B91F61355600CD41BC /* MainViewController.swift in Sources */ = {isa = PBXBuildFile; fileRef = 6A4638B81F61355600CD41BC /* MainViewController.swift */; };
		6A4638BC1F61355600CD41BC /* Main.storyboard in Resources */ = {isa = PBXBuildFile; fileRef = 6A4638BA1F61355600CD41BC /* Main.storyboard */; };
		6A4638BE1F61355600CD41BC /* Assets.xcassets in Resources */ = {isa = PBXBuildFile; fileRef = 6A4638BD1F61355600CD41BC /* Assets.xcassets */; };
		6A4638C11F61355600CD41BC /* LaunchScreen.storyboard in Resources */ = {isa = PBXBuildFile; fileRef = 6A4638BF1F61355600CD41BC /* LaunchScreen.storyboard */; };
		CB8760EE90BE425CFCEF1723 /* Functions.swift in Sources */ = {isa = PBXBuildFile; fileRef = CB876079548C5672BB9679E6 /* Functions.swift */; };
		CB8761D87CEC3E69E99F463C /* SystemVersionItem.swift in Sources */ = {isa = PBXBuildFile; fileRef = CB876820B377EF65BB62A129 /* SystemVersionItem.swift */; };
		CB87621FE97A70D33FF5F683 /* Topic.swift in Sources */ = {isa = PBXBuildFile; fileRef = CB8766D41BCDC01707AC5DC5 /* Topic.swift */; };
		CB8762399CC0C2BBC564B9D3 /* AppBuildItem.swift in Sources */ = {isa = PBXBuildFile; fileRef = CB876F2E11CD6611E7323A6B /* AppBuildItem.swift */; };
		CB87623B829B24D52257B2AC /* SystemVersionCell.swift in Sources */ = {isa = PBXBuildFile; fileRef = CB8767C4DD0813927F86F8E6 /* SystemVersionCell.swift */; };
		CB8763005226D80CC26B0A86 /* UserEmailCell.swift in Sources */ = {isa = PBXBuildFile; fileRef = CB876CD002290804AF19F14D /* UserEmailCell.swift */; };
		CB8763E0273ABF694F3C273E /* AppVersionCell.swift in Sources */ = {isa = PBXBuildFile; fileRef = CB8768B167D42B0F544432FB /* AppVersionCell.swift */; };
		CB876425019154B4832FDFA8 /* AppNameItem.swift in Sources */ = {isa = PBXBuildFile; fileRef = CB876341AE79F0E5CF5C2860 /* AppNameItem.swift */; };
		CB87644E67265D1837BA241C /* FeedbackItemProtocol.swift in Sources */ = {isa = PBXBuildFile; fileRef = CB876DC2E3FB43F8773866FB /* FeedbackItemProtocol.swift */; };
		CB87645B7D79A960F92C4344 /* AppVersionItem.swift in Sources */ = {isa = PBXBuildFile; fileRef = CB876C6F43DF4850C4D7E25A /* AppVersionItem.swift */; };
		CB8764BDCE8FDB9B7DE9D83B /* FeedbackItemsDataSource.swift in Sources */ = {isa = PBXBuildFile; fileRef = CB876B39AE917BBEC8B9B8EE /* FeedbackItemsDataSource.swift */; };
		CB8764E3BB5456699222209C /* CTFeedbackError.swift in Sources */ = {isa = PBXBuildFile; fileRef = CB876F133B2A8A5F91694D9F /* CTFeedbackError.swift */; };
		CB8764EBB5FD49C2E7128B62 /* FeedbackEditingService.swift in Sources */ = {isa = PBXBuildFile; fileRef = CB876C80A74E207AA55A4B82 /* FeedbackEditingService.swift */; };
		CB876598F32E868D4AD84EF0 /* DrawUpPresentationController.swift in Sources */ = {isa = PBXBuildFile; fileRef = CB876B765E289E5FA3D25A82 /* DrawUpPresentationController.swift */; };
		CB876683822BD49B9AB64DBA /* CellFactory.swift in Sources */ = {isa = PBXBuildFile; fileRef = CB8761CC5DA201BD573FB5C8 /* CellFactory.swift */; };
		CB87669F21E161D8D3566BF5 /* FeedbackConfiguration.swift in Sources */ = {isa = PBXBuildFile; fileRef = CB87689F225BC1B1E073AB2C /* FeedbackConfiguration.swift */; };
		CB8766F69475B0A004FD2FEF /* TopicItem.swift in Sources */ = {isa = PBXBuildFile; fileRef = CB876AF07C4FCCD8B8DDA9FB /* TopicItem.swift */; };
		CB87676F0D9180FC46C14F1D /* TopicCell.swift in Sources */ = {isa = PBXBuildFile; fileRef = CB87614908796C90A845FE02 /* TopicCell.swift */; };
		CB8767760CACB837643E2B3A /* FunctionsTests.swift in Sources */ = {isa = PBXBuildFile; fileRef = CB876FC639633D8AC8BB6C8D /* FunctionsTests.swift */; };
		CB876807646AE4B09D270166 /* FeedbackViewController.swift in Sources */ = {isa = PBXBuildFile; fileRef = CB876CD556B91BB629E853CD /* FeedbackViewController.swift */; };
		CB8768ACFC2A25686CB4CB2D /* UserEmailItem.swift in Sources */ = {isa = PBXBuildFile; fileRef = CB87646DB0DC8BC9404B2124 /* UserEmailItem.swift */; };
		CB8768EB44CCBFE8F62D4C57 /* FeedbackGenerator.swift in Sources */ = {isa = PBXBuildFile; fileRef = CB87656E632093055956B68D /* FeedbackGenerator.swift */; };
		CB87694AB34370FBFA6C3811 /* Media.swift in Sources */ = {isa = PBXBuildFile; fileRef = CB876D4DA34A167014FF778A /* Media.swift */; };
		CB87694E738899EA4DFB81B2 /* AttachmentCell.swift in Sources */ = {isa = PBXBuildFile; fileRef = CB87687D32131ECD2FD7476E /* AttachmentCell.swift */; };
		CB876950021E6E3F9A40B2B4 /* FeedbackEditingServiceTests.swift in Sources */ = {isa = PBXBuildFile; fileRef = CB8763E213F5FFF27672957D /* FeedbackEditingServiceTests.swift */; };
		CB8769D057BB57D34D20C249 /* DeviceNameItem.swift in Sources */ = {isa = PBXBuildFile; fileRef = CB8764645CCE70CB70CB20EE /* DeviceNameItem.swift */; };
		CB8769E2E7440B476664D448 /* Bundle+Extensions.swift in Sources */ = {isa = PBXBuildFile; fileRef = CB876A2CE6558D632BE56923 /* Bundle+Extensions.swift */; };
		CB876A8773582B8D902D1E8A /* AttachmentItem.swift in Sources */ = {isa = PBXBuildFile; fileRef = CB876FC0B126795C05F41AF9 /* AttachmentItem.swift */; };
		CB876ACAFC9574B1787F0C6C /* AppBuildCell.swift in Sources */ = {isa = PBXBuildFile; fileRef = CB87633E53D9BB6274A06C7F /* AppBuildCell.swift */; };
		CB876B0F48DD9649BFF6164F /* AppNameCell.swift in Sources */ = {isa = PBXBuildFile; fileRef = CB8765989849F7A43983EC32 /* AppNameCell.swift */; };
		CB876B2BC3F438D615AC9730 /* TopicsRepositoryProtocol.swift in Sources */ = {isa = PBXBuildFile; fileRef = CB8764D6BBB9B28503AC7A4D /* TopicsRepositoryProtocol.swift */; };
		CB876B6C122002233A39B8EF /* TopicsViewController.swift in Sources */ = {isa = PBXBuildFile; fileRef = CB8760E3FF2F5E04A43C2260 /* TopicsViewController.swift */; };
		CB876C46314A944510B705BC /* Feedback.swift in Sources */ = {isa = PBXBuildFile; fileRef = CB87637FBB177E4A2BA6EFC3 /* Feedback.swift */; };
		CB876CF15E1E6803DF627C52 /* BodyItem.swift in Sources */ = {isa = PBXBuildFile; fileRef = CB876B8A154E1D66B4E2AD39 /* BodyItem.swift */; };
		CB876DB4B3F11CBD2DC473BE /* FeedbackEditingItemsRepositoryProtocol.swift in Sources */ = {isa = PBXBuildFile; fileRef = CB876BE78C191E9DC672EE00 /* FeedbackEditingItemsRepositoryProtocol.swift */; };
		CB876ECC17B3802605587A59 /* DeviceNameCell.swift in Sources */ = {isa = PBXBuildFile; fileRef = CB876D72F1DD9AD7DE1914B3 /* DeviceNameCell.swift */; };
/* End PBXBuildFile section */

/* Begin PBXContainerItemProxy section */
		6A4638861F6130D600CD41BC /* PBXContainerItemProxy */ = {
			isa = PBXContainerItemProxy;
			containerPortal = 6A4638721F6130D600CD41BC /* Project object */;
			proxyType = 1;
			remoteGlobalIDString = 6A46387A1F6130D600CD41BC;
			remoteInfo = CTFeedbackSwift;
		};
		6A4638C61F61728400CD41BC /* PBXContainerItemProxy */ = {
			isa = PBXContainerItemProxy;
			containerPortal = 6A4638721F6130D600CD41BC /* Project object */;
			proxyType = 1;
			remoteGlobalIDString = 6A46387A1F6130D600CD41BC;
			remoteInfo = CTFeedbackSwift;
		};
/* End PBXContainerItemProxy section */

/* Begin PBXCopyFilesBuildPhase section */
		6A36AC7A1F6E0AB200E77890 /* Embed Frameworks */ = {
			isa = PBXCopyFilesBuildPhase;
			buildActionMask = 2147483647;
			dstPath = "";
			dstSubfolderSpec = 10;
			files = (
				6A36AC791F6E0AB200E77890 /* CTFeedback.framework in Embed Frameworks */,
			);
			name = "Embed Frameworks";
			runOnlyForDeploymentPostprocessing = 0;
		};
/* End PBXCopyFilesBuildPhase section */

/* Begin PBXFileReference section */
		6A23EBA41F77101B00EE3D53 /* PlatformNames.plist */ = {isa = PBXFileReference; lastKnownFileType = text.plist.xml; path = PlatformNames.plist; sourceTree = "<group>"; };
		6A36AC761F6C7B9100E77890 /* BodyCell.swift */ = {isa = PBXFileReference; lastKnownFileType = sourcecode.swift; path = BodyCell.swift; sourceTree = "<group>"; };
		6A46387B1F6130D600CD41BC /* CTFeedback.framework */ = {isa = PBXFileReference; explicitFileType = wrapper.framework; includeInIndex = 0; path = CTFeedback.framework; sourceTree = BUILT_PRODUCTS_DIR; };
		6A46387E1F6130D600CD41BC /* CTFeedbackSwift.h */ = {isa = PBXFileReference; lastKnownFileType = sourcecode.c.h; path = CTFeedbackSwift.h; sourceTree = "<group>"; };
		6A46387F1F6130D600CD41BC /* Info.plist */ = {isa = PBXFileReference; lastKnownFileType = text.plist.xml; path = Info.plist; sourceTree = "<group>"; };
		6A4638841F6130D600CD41BC /* CTFeedbackSwiftTests.xctest */ = {isa = PBXFileReference; explicitFileType = wrapper.cfbundle; includeInIndex = 0; path = CTFeedbackSwiftTests.xctest; sourceTree = BUILT_PRODUCTS_DIR; };
		6A46388B1F6130D600CD41BC /* Info.plist */ = {isa = PBXFileReference; lastKnownFileType = text.plist.xml; path = Info.plist; sourceTree = "<group>"; };
		6A4638B41F61355600CD41BC /* CTFeedbackDemo.app */ = {isa = PBXFileReference; explicitFileType = wrapper.application; includeInIndex = 0; path = CTFeedbackDemo.app; sourceTree = BUILT_PRODUCTS_DIR; };
		6A4638B61F61355600CD41BC /* AppDelegate.swift */ = {isa = PBXFileReference; lastKnownFileType = sourcecode.swift; path = AppDelegate.swift; sourceTree = "<group>"; };
		6A4638B81F61355600CD41BC /* MainViewController.swift */ = {isa = PBXFileReference; lastKnownFileType = sourcecode.swift; path = MainViewController.swift; sourceTree = "<group>"; };
		6A4638BB1F61355600CD41BC /* Base */ = {isa = PBXFileReference; lastKnownFileType = file.storyboard; name = Base; path = Base.lproj/Main.storyboard; sourceTree = "<group>"; };
		6A4638BD1F61355600CD41BC /* Assets.xcassets */ = {isa = PBXFileReference; lastKnownFileType = folder.assetcatalog; path = Assets.xcassets; sourceTree = "<group>"; };
		6A4638C01F61355600CD41BC /* Base */ = {isa = PBXFileReference; lastKnownFileType = file.storyboard; name = Base; path = Base.lproj/LaunchScreen.storyboard; sourceTree = "<group>"; };
		6A4638C21F61355600CD41BC /* Info.plist */ = {isa = PBXFileReference; lastKnownFileType = text.plist.xml; path = Info.plist; sourceTree = "<group>"; };
		CB876079548C5672BB9679E6 /* Functions.swift */ = {isa = PBXFileReference; fileEncoding = 4; lastKnownFileType = sourcecode.swift; path = Functions.swift; sourceTree = "<group>"; };
		CB8760E3FF2F5E04A43C2260 /* TopicsViewController.swift */ = {isa = PBXFileReference; fileEncoding = 4; lastKnownFileType = sourcecode.swift; path = TopicsViewController.swift; sourceTree = "<group>"; };
		CB87614908796C90A845FE02 /* TopicCell.swift */ = {isa = PBXFileReference; fileEncoding = 4; lastKnownFileType = sourcecode.swift; path = TopicCell.swift; sourceTree = "<group>"; };
		CB8761CC5DA201BD573FB5C8 /* CellFactory.swift */ = {isa = PBXFileReference; fileEncoding = 4; lastKnownFileType = sourcecode.swift; path = CellFactory.swift; sourceTree = "<group>"; };
		CB87633E53D9BB6274A06C7F /* AppBuildCell.swift */ = {isa = PBXFileReference; fileEncoding = 4; lastKnownFileType = sourcecode.swift; path = AppBuildCell.swift; sourceTree = "<group>"; };
		CB876341AE79F0E5CF5C2860 /* AppNameItem.swift */ = {isa = PBXFileReference; fileEncoding = 4; lastKnownFileType = sourcecode.swift; path = AppNameItem.swift; sourceTree = "<group>"; };
		CB87637FBB177E4A2BA6EFC3 /* Feedback.swift */ = {isa = PBXFileReference; fileEncoding = 4; lastKnownFileType = sourcecode.swift; path = Feedback.swift; sourceTree = "<group>"; };
		CB8763E213F5FFF27672957D /* FeedbackEditingServiceTests.swift */ = {isa = PBXFileReference; fileEncoding = 4; lastKnownFileType = sourcecode.swift; path = FeedbackEditingServiceTests.swift; sourceTree = "<group>"; };
		CB8764645CCE70CB70CB20EE /* DeviceNameItem.swift */ = {isa = PBXFileReference; fileEncoding = 4; lastKnownFileType = sourcecode.swift; path = DeviceNameItem.swift; sourceTree = "<group>"; };
		CB87646DB0DC8BC9404B2124 /* UserEmailItem.swift */ = {isa = PBXFileReference; fileEncoding = 4; lastKnownFileType = sourcecode.swift; path = UserEmailItem.swift; sourceTree = "<group>"; };
		CB8764D6BBB9B28503AC7A4D /* TopicsRepositoryProtocol.swift */ = {isa = PBXFileReference; fileEncoding = 4; lastKnownFileType = sourcecode.swift; path = TopicsRepositoryProtocol.swift; sourceTree = "<group>"; };
		CB87656E632093055956B68D /* FeedbackGenerator.swift */ = {isa = PBXFileReference; fileEncoding = 4; lastKnownFileType = sourcecode.swift; path = FeedbackGenerator.swift; sourceTree = "<group>"; };
		CB8765989849F7A43983EC32 /* AppNameCell.swift */ = {isa = PBXFileReference; fileEncoding = 4; lastKnownFileType = sourcecode.swift; path = AppNameCell.swift; sourceTree = "<group>"; };
		CB8766D41BCDC01707AC5DC5 /* Topic.swift */ = {isa = PBXFileReference; fileEncoding = 4; lastKnownFileType = sourcecode.swift; path = Topic.swift; sourceTree = "<group>"; };
		CB8767C4DD0813927F86F8E6 /* SystemVersionCell.swift */ = {isa = PBXFileReference; fileEncoding = 4; lastKnownFileType = sourcecode.swift; path = SystemVersionCell.swift; sourceTree = "<group>"; };
		CB876820B377EF65BB62A129 /* SystemVersionItem.swift */ = {isa = PBXFileReference; fileEncoding = 4; lastKnownFileType = sourcecode.swift; path = SystemVersionItem.swift; sourceTree = "<group>"; };
		CB87687D32131ECD2FD7476E /* AttachmentCell.swift */ = {isa = PBXFileReference; fileEncoding = 4; lastKnownFileType = sourcecode.swift; path = AttachmentCell.swift; sourceTree = "<group>"; };
		CB87689F225BC1B1E073AB2C /* FeedbackConfiguration.swift */ = {isa = PBXFileReference; fileEncoding = 4; lastKnownFileType = sourcecode.swift; path = FeedbackConfiguration.swift; sourceTree = "<group>"; };
		CB8768B167D42B0F544432FB /* AppVersionCell.swift */ = {isa = PBXFileReference; fileEncoding = 4; lastKnownFileType = sourcecode.swift; path = AppVersionCell.swift; sourceTree = "<group>"; };
		CB876A2CE6558D632BE56923 /* Bundle+Extensions.swift */ = {isa = PBXFileReference; fileEncoding = 4; lastKnownFileType = sourcecode.swift; path = "Bundle+Extensions.swift"; sourceTree = "<group>"; };
		CB876AF07C4FCCD8B8DDA9FB /* TopicItem.swift */ = {isa = PBXFileReference; fileEncoding = 4; lastKnownFileType = sourcecode.swift; path = TopicItem.swift; sourceTree = "<group>"; };
		CB876B39AE917BBEC8B9B8EE /* FeedbackItemsDataSource.swift */ = {isa = PBXFileReference; fileEncoding = 4; lastKnownFileType = sourcecode.swift; path = FeedbackItemsDataSource.swift; sourceTree = "<group>"; };
		CB876B765E289E5FA3D25A82 /* DrawUpPresentationController.swift */ = {isa = PBXFileReference; fileEncoding = 4; lastKnownFileType = sourcecode.swift; path = DrawUpPresentationController.swift; sourceTree = "<group>"; };
		CB876B8A154E1D66B4E2AD39 /* BodyItem.swift */ = {isa = PBXFileReference; fileEncoding = 4; lastKnownFileType = sourcecode.swift; path = BodyItem.swift; sourceTree = "<group>"; };
		CB876BE78C191E9DC672EE00 /* FeedbackEditingItemsRepositoryProtocol.swift */ = {isa = PBXFileReference; fileEncoding = 4; lastKnownFileType = sourcecode.swift; path = FeedbackEditingItemsRepositoryProtocol.swift; sourceTree = "<group>"; };
		CB876C6F43DF4850C4D7E25A /* AppVersionItem.swift */ = {isa = PBXFileReference; fileEncoding = 4; lastKnownFileType = sourcecode.swift; path = AppVersionItem.swift; sourceTree = "<group>"; };
		CB876C80A74E207AA55A4B82 /* FeedbackEditingService.swift */ = {isa = PBXFileReference; fileEncoding = 4; lastKnownFileType = sourcecode.swift; path = FeedbackEditingService.swift; sourceTree = "<group>"; };
		CB876CD002290804AF19F14D /* UserEmailCell.swift */ = {isa = PBXFileReference; fileEncoding = 4; lastKnownFileType = sourcecode.swift; path = UserEmailCell.swift; sourceTree = "<group>"; };
		CB876CD556B91BB629E853CD /* FeedbackViewController.swift */ = {isa = PBXFileReference; fileEncoding = 4; lastKnownFileType = sourcecode.swift; path = FeedbackViewController.swift; sourceTree = "<group>"; };
		CB876D4DA34A167014FF778A /* Media.swift */ = {isa = PBXFileReference; fileEncoding = 4; lastKnownFileType = sourcecode.swift; path = Media.swift; sourceTree = "<group>"; };
		CB876D72F1DD9AD7DE1914B3 /* DeviceNameCell.swift */ = {isa = PBXFileReference; fileEncoding = 4; lastKnownFileType = sourcecode.swift; path = DeviceNameCell.swift; sourceTree = "<group>"; };
		CB876DC2E3FB43F8773866FB /* FeedbackItemProtocol.swift */ = {isa = PBXFileReference; fileEncoding = 4; lastKnownFileType = sourcecode.swift; path = FeedbackItemProtocol.swift; sourceTree = "<group>"; };
		CB876F133B2A8A5F91694D9F /* CTFeedbackError.swift */ = {isa = PBXFileReference; fileEncoding = 4; lastKnownFileType = sourcecode.swift; path = CTFeedbackError.swift; sourceTree = "<group>"; };
		CB876F2E11CD6611E7323A6B /* AppBuildItem.swift */ = {isa = PBXFileReference; fileEncoding = 4; lastKnownFileType = sourcecode.swift; path = AppBuildItem.swift; sourceTree = "<group>"; };
		CB876FC0B126795C05F41AF9 /* AttachmentItem.swift */ = {isa = PBXFileReference; fileEncoding = 4; lastKnownFileType = sourcecode.swift; path = AttachmentItem.swift; sourceTree = "<group>"; };
		CB876FC639633D8AC8BB6C8D /* FunctionsTests.swift */ = {isa = PBXFileReference; fileEncoding = 4; lastKnownFileType = sourcecode.swift; path = FunctionsTests.swift; sourceTree = "<group>"; };
/* End PBXFileReference section */

/* Begin PBXFrameworksBuildPhase section */
		6A4638771F6130D600CD41BC /* Frameworks */ = {
			isa = PBXFrameworksBuildPhase;
			buildActionMask = 2147483647;
			files = (
			);
			runOnlyForDeploymentPostprocessing = 0;
		};
		6A4638811F6130D600CD41BC /* Frameworks */ = {
			isa = PBXFrameworksBuildPhase;
			buildActionMask = 2147483647;
			files = (
				6A4638851F6130D600CD41BC /* CTFeedback.framework in Frameworks */,
			);
			runOnlyForDeploymentPostprocessing = 0;
		};
		6A4638B11F61355600CD41BC /* Frameworks */ = {
			isa = PBXFrameworksBuildPhase;
			buildActionMask = 2147483647;
			files = (
				6A36AC781F6E0AB200E77890 /* CTFeedback.framework in Frameworks */,
			);
			runOnlyForDeploymentPostprocessing = 0;
		};
/* End PBXFrameworksBuildPhase section */

/* Begin PBXGroup section */
		6A23EBA31F77100700EE3D53 /* Resources */ = {
			isa = PBXGroup;
			children = (
				6A23EBA41F77101B00EE3D53 /* PlatformNames.plist */,
			);
			path = Resources;
			sourceTree = "<group>";
		};
		6A4638711F6130D600CD41BC = {
			isa = PBXGroup;
			children = (
				6A46387D1F6130D600CD41BC /* CTFeedbackSwift */,
				6A4638881F6130D600CD41BC /* CTFeedbackSwiftTests */,
				6A4638B51F61355600CD41BC /* CTFeedbackDemo */,
				6A46387C1F6130D600CD41BC /* Products */,
			);
			sourceTree = "<group>";
		};
		6A46387C1F6130D600CD41BC /* Products */ = {
			isa = PBXGroup;
			children = (
				6A46387B1F6130D600CD41BC /* CTFeedback.framework */,
				6A4638841F6130D600CD41BC /* CTFeedbackSwiftTests.xctest */,
				6A4638B41F61355600CD41BC /* CTFeedbackDemo.app */,
			);
			name = Products;
			sourceTree = "<group>";
		};
		6A46387D1F6130D600CD41BC /* CTFeedbackSwift */ = {
			isa = PBXGroup;
			children = (
				6A23EBA31F77100700EE3D53 /* Resources */,
				6A46387E1F6130D600CD41BC /* CTFeedbackSwift.h */,
				6A46387F1F6130D600CD41BC /* Info.plist */,
				CB876CD556B91BB629E853CD /* FeedbackViewController.swift */,
				CB876B39AE917BBEC8B9B8EE /* FeedbackItemsDataSource.swift */,
				CB8761CC5DA201BD573FB5C8 /* CellFactory.swift */,
				CB876079548C5672BB9679E6 /* Functions.swift */,
				CB876A2CE6558D632BE56923 /* Bundle+Extensions.swift */,
				CB876D38D3B77164C9F731FD /* Items */,
				CB87689F225BC1B1E073AB2C /* FeedbackConfiguration.swift */,
				CB8760E3FF2F5E04A43C2260 /* TopicsViewController.swift */,
				CB8764D6BBB9B28503AC7A4D /* TopicsRepositoryProtocol.swift */,
				CB8769AC2239039187B021D1 /* FeedbackEditing */,
				CB876B765E289E5FA3D25A82 /* DrawUpPresentationController.swift */,
				CB876DC2E3FB43F8773866FB /* FeedbackItemProtocol.swift */,
				CB87637FBB177E4A2BA6EFC3 /* Feedback.swift */,
			);
			path = CTFeedbackSwift;
			sourceTree = "<group>";
		};
		6A4638881F6130D600CD41BC /* CTFeedbackSwiftTests */ = {
			isa = PBXGroup;
			children = (
				6A46388B1F6130D600CD41BC /* Info.plist */,
				CB8763E213F5FFF27672957D /* FeedbackEditingServiceTests.swift */,
				CB876FC639633D8AC8BB6C8D /* FunctionsTests.swift */,
			);
			path = CTFeedbackSwiftTests;
			sourceTree = "<group>";
		};
		6A4638B51F61355600CD41BC /* CTFeedbackDemo */ = {
			isa = PBXGroup;
			children = (
				6A4638B61F61355600CD41BC /* AppDelegate.swift */,
				6A4638B81F61355600CD41BC /* MainViewController.swift */,
				6A4638BA1F61355600CD41BC /* Main.storyboard */,
				6A4638BD1F61355600CD41BC /* Assets.xcassets */,
				6A4638BF1F61355600CD41BC /* LaunchScreen.storyboard */,
				6A4638C21F61355600CD41BC /* Info.plist */,
			);
			path = CTFeedbackDemo;
			sourceTree = "<group>";
		};
		CB87600ADEA1D38FA54F27AB /* DeviceName */ = {
			isa = PBXGroup;
			children = (
				CB8764645CCE70CB70CB20EE /* DeviceNameItem.swift */,
				CB876D72F1DD9AD7DE1914B3 /* DeviceNameCell.swift */,
			);
			path = DeviceName;
			sourceTree = "<group>";
		};
		CB8761D16E04C4718E6AA3AC /* AppBuild */ = {
			isa = PBXGroup;
			children = (
				CB876F2E11CD6611E7323A6B /* AppBuildItem.swift */,
				CB87633E53D9BB6274A06C7F /* AppBuildCell.swift */,
			);
			path = AppBuild;
			sourceTree = "<group>";
		};
		CB8762AED683F44694770F5A /* Topic */ = {
			isa = PBXGroup;
			children = (
				CB87614908796C90A845FE02 /* TopicCell.swift */,
				CB876AF07C4FCCD8B8DDA9FB /* TopicItem.swift */,
				CB8766D41BCDC01707AC5DC5 /* Topic.swift */,
			);
			path = Topic;
			sourceTree = "<group>";
		};
		CB87645C930CC8206C2F308A /* Attachment */ = {
			isa = PBXGroup;
			children = (
				CB876FC0B126795C05F41AF9 /* AttachmentItem.swift */,
				CB87687D32131ECD2FD7476E /* AttachmentCell.swift */,
				CB876D4DA34A167014FF778A /* Media.swift */,
			);
			path = Attachment;
			sourceTree = "<group>";
		};
		CB8766B59C22A4BF5E078B2B /* Body */ = {
			isa = PBXGroup;
			children = (
				CB876B8A154E1D66B4E2AD39 /* BodyItem.swift */,
				6A36AC761F6C7B9100E77890 /* BodyCell.swift */,
			);
			path = Body;
			sourceTree = "<group>";
		};
		CB8768AAE41E34F26543FC2A /* UserEmail */ = {
			isa = PBXGroup;
			children = (
				CB87646DB0DC8BC9404B2124 /* UserEmailItem.swift */,
				CB876CD002290804AF19F14D /* UserEmailCell.swift */,
			);
			path = UserEmail;
			sourceTree = "<group>";
		};
		CB8769AC2239039187B021D1 /* FeedbackEditing */ = {
			isa = PBXGroup;
			children = (
				CB876C80A74E207AA55A4B82 /* FeedbackEditingService.swift */,
				CB876BE78C191E9DC672EE00 /* FeedbackEditingItemsRepositoryProtocol.swift */,
				CB87656E632093055956B68D /* FeedbackGenerator.swift */,
				CB876F133B2A8A5F91694D9F /* CTFeedbackError.swift */,
			);
			path = FeedbackEditing;
			sourceTree = "<group>";
		};
		CB8769AF3F8DE0C6C1608E18 /* AppName */ = {
			isa = PBXGroup;
			children = (
				CB876341AE79F0E5CF5C2860 /* AppNameItem.swift */,
				CB8765989849F7A43983EC32 /* AppNameCell.swift */,
			);
			path = AppName;
			sourceTree = "<group>";
		};
		CB876A573BD3ADA8689E4923 /* SystemVersion */ = {
			isa = PBXGroup;
			children = (
				CB876820B377EF65BB62A129 /* SystemVersionItem.swift */,
				CB8767C4DD0813927F86F8E6 /* SystemVersionCell.swift */,
			);
			path = SystemVersion;
			sourceTree = "<group>";
		};
		CB876D38D3B77164C9F731FD /* Items */ = {
			isa = PBXGroup;
			children = (
				CB8766B59C22A4BF5E078B2B /* Body */,
				CB8762AED683F44694770F5A /* Topic */,
				CB87645C930CC8206C2F308A /* Attachment */,
				CB87600ADEA1D38FA54F27AB /* DeviceName */,
				CB876A573BD3ADA8689E4923 /* SystemVersion */,
				CB8769AF3F8DE0C6C1608E18 /* AppName */,
				CB876FB916EB6DF168FC6095 /* AppVersion */,
				CB8761D16E04C4718E6AA3AC /* AppBuild */,
				CB8768AAE41E34F26543FC2A /* UserEmail */,
			);
			path = Items;
			sourceTree = "<group>";
		};
		CB876FB916EB6DF168FC6095 /* AppVersion */ = {
			isa = PBXGroup;
			children = (
				CB876C6F43DF4850C4D7E25A /* AppVersionItem.swift */,
				CB8768B167D42B0F544432FB /* AppVersionCell.swift */,
			);
			path = AppVersion;
			sourceTree = "<group>";
		};
/* End PBXGroup section */

/* Begin PBXHeadersBuildPhase section */
		6A4638781F6130D600CD41BC /* Headers */ = {
			isa = PBXHeadersBuildPhase;
			buildActionMask = 2147483647;
			files = (
				6A46388C1F6130D600CD41BC /* CTFeedbackSwift.h in Headers */,
			);
			runOnlyForDeploymentPostprocessing = 0;
		};
/* End PBXHeadersBuildPhase section */

/* Begin PBXNativeTarget section */
		6A46387A1F6130D600CD41BC /* CTFeedbackSwift */ = {
			isa = PBXNativeTarget;
			buildConfigurationList = 6A46388F1F6130D600CD41BC /* Build configuration list for PBXNativeTarget "CTFeedbackSwift" */;
			buildPhases = (
				6A4638761F6130D600CD41BC /* Sources */,
				6A4638771F6130D600CD41BC /* Frameworks */,
				6A4638781F6130D600CD41BC /* Headers */,
				6A4638791F6130D600CD41BC /* Resources */,
			);
			buildRules = (
			);
			dependencies = (
			);
			name = CTFeedbackSwift;
			productName = CTFeedbackSwift;
			productReference = 6A46387B1F6130D600CD41BC /* CTFeedback.framework */;
			productType = "com.apple.product-type.framework";
		};
		6A4638831F6130D600CD41BC /* CTFeedbackSwiftTests */ = {
			isa = PBXNativeTarget;
			buildConfigurationList = 6A4638921F6130D600CD41BC /* Build configuration list for PBXNativeTarget "CTFeedbackSwiftTests" */;
			buildPhases = (
				6A4638801F6130D600CD41BC /* Sources */,
				6A4638811F6130D600CD41BC /* Frameworks */,
				6A4638821F6130D600CD41BC /* Resources */,
			);
			buildRules = (
			);
			dependencies = (
				6A4638871F6130D600CD41BC /* PBXTargetDependency */,
			);
			name = CTFeedbackSwiftTests;
			productName = CTFeedbackSwiftTests;
			productReference = 6A4638841F6130D600CD41BC /* CTFeedbackSwiftTests.xctest */;
			productType = "com.apple.product-type.bundle.unit-test";
		};
		6A4638B31F61355600CD41BC /* CTFeedbackDemo */ = {
			isa = PBXNativeTarget;
			buildConfigurationList = 6A4638C51F61355600CD41BC /* Build configuration list for PBXNativeTarget "CTFeedbackDemo" */;
			buildPhases = (
				6A4638B01F61355600CD41BC /* Sources */,
				6A4638B11F61355600CD41BC /* Frameworks */,
				6A4638B21F61355600CD41BC /* Resources */,
				6A36AC7A1F6E0AB200E77890 /* Embed Frameworks */,
			);
			buildRules = (
			);
			dependencies = (
				6A4638C71F61728400CD41BC /* PBXTargetDependency */,
			);
			name = CTFeedbackDemo;
			productName = CTFeedbackDemo;
			productReference = 6A4638B41F61355600CD41BC /* CTFeedbackDemo.app */;
			productType = "com.apple.product-type.application";
		};
/* End PBXNativeTarget section */

/* Begin PBXProject section */
		6A4638721F6130D600CD41BC /* Project object */ = {
			isa = PBXProject;
			attributes = {
				LastSwiftUpdateCheck = 0900;
				LastUpgradeCheck = 0900;
				ORGANIZATIONNAME = "CAPH TECH";
				TargetAttributes = {
					6A46387A1F6130D600CD41BC = {
						CreatedOnToolsVersion = 9.0;
						ProvisioningStyle = Automatic;
					};
					6A4638831F6130D600CD41BC = {
						CreatedOnToolsVersion = 9.0;
						ProvisioningStyle = Automatic;
					};
					6A4638B31F61355600CD41BC = {
						CreatedOnToolsVersion = 9.0;
						ProvisioningStyle = Automatic;
					};
				};
			};
			buildConfigurationList = 6A4638751F6130D600CD41BC /* Build configuration list for PBXProject "CTFeedbackSwift" */;
			compatibilityVersion = "Xcode 8.0";
			developmentRegion = en;
			hasScannedForEncodings = 0;
			knownRegions = (
				en,
				Base,
			);
			mainGroup = 6A4638711F6130D600CD41BC;
			productRefGroup = 6A46387C1F6130D600CD41BC /* Products */;
			projectDirPath = "";
			projectRoot = "";
			targets = (
				6A46387A1F6130D600CD41BC /* CTFeedbackSwift */,
				6A4638831F6130D600CD41BC /* CTFeedbackSwiftTests */,
				6A4638B31F61355600CD41BC /* CTFeedbackDemo */,
			);
		};
/* End PBXProject section */

/* Begin PBXResourcesBuildPhase section */
		6A4638791F6130D600CD41BC /* Resources */ = {
			isa = PBXResourcesBuildPhase;
			buildActionMask = 2147483647;
			files = (
				6A23EBA51F77132C00EE3D53 /* PlatformNames.plist in Resources */,
			);
			runOnlyForDeploymentPostprocessing = 0;
		};
		6A4638821F6130D600CD41BC /* Resources */ = {
			isa = PBXResourcesBuildPhase;
			buildActionMask = 2147483647;
			files = (
			);
			runOnlyForDeploymentPostprocessing = 0;
		};
		6A4638B21F61355600CD41BC /* Resources */ = {
			isa = PBXResourcesBuildPhase;
			buildActionMask = 2147483647;
			files = (
				6A4638C11F61355600CD41BC /* LaunchScreen.storyboard in Resources */,
				6A4638BE1F61355600CD41BC /* Assets.xcassets in Resources */,
				6A4638BC1F61355600CD41BC /* Main.storyboard in Resources */,
			);
			runOnlyForDeploymentPostprocessing = 0;
		};
/* End PBXResourcesBuildPhase section */

/* Begin PBXSourcesBuildPhase section */
		6A4638761F6130D600CD41BC /* Sources */ = {
			isa = PBXSourcesBuildPhase;
			buildActionMask = 2147483647;
			files = (
				CB876807646AE4B09D270166 /* FeedbackViewController.swift in Sources */,
				CB8764BDCE8FDB9B7DE9D83B /* FeedbackItemsDataSource.swift in Sources */,
				6A36AC771F6C7B9100E77890 /* BodyCell.swift in Sources */,
				CB876683822BD49B9AB64DBA /* CellFactory.swift in Sources */,
				CB8760EE90BE425CFCEF1723 /* Functions.swift in Sources */,
				CB8769E2E7440B476664D448 /* Bundle+Extensions.swift in Sources */,
				CB876CF15E1E6803DF627C52 /* BodyItem.swift in Sources */,
				CB87676F0D9180FC46C14F1D /* TopicCell.swift in Sources */,
				CB8766F69475B0A004FD2FEF /* TopicItem.swift in Sources */,
				CB87669F21E161D8D3566BF5 /* FeedbackConfiguration.swift in Sources */,
				CB87621FE97A70D33FF5F683 /* Topic.swift in Sources */,
				CB876B6C122002233A39B8EF /* TopicsViewController.swift in Sources */,
				CB876B2BC3F438D615AC9730 /* TopicsRepositoryProtocol.swift in Sources */,
				CB8764EBB5FD49C2E7128B62 /* FeedbackEditingService.swift in Sources */,
				CB876DB4B3F11CBD2DC473BE /* FeedbackEditingItemsRepositoryProtocol.swift in Sources */,
				CB876598F32E868D4AD84EF0 /* DrawUpPresentationController.swift in Sources */,
				CB876A8773582B8D902D1E8A /* AttachmentItem.swift in Sources */,
				CB87694E738899EA4DFB81B2 /* AttachmentCell.swift in Sources */,
				CB87694AB34370FBFA6C3811 /* Media.swift in Sources */,
				CB8769D057BB57D34D20C249 /* DeviceNameItem.swift in Sources */,
				CB876ECC17B3802605587A59 /* DeviceNameCell.swift in Sources */,
				CB8761D87CEC3E69E99F463C /* SystemVersionItem.swift in Sources */,
				CB87623B829B24D52257B2AC /* SystemVersionCell.swift in Sources */,
				CB876425019154B4832FDFA8 /* AppNameItem.swift in Sources */,
				CB876B0F48DD9649BFF6164F /* AppNameCell.swift in Sources */,
				CB87645B7D79A960F92C4344 /* AppVersionItem.swift in Sources */,
				CB8763E0273ABF694F3C273E /* AppVersionCell.swift in Sources */,
				CB8762399CC0C2BBC564B9D3 /* AppBuildItem.swift in Sources */,
				CB876ACAFC9574B1787F0C6C /* AppBuildCell.swift in Sources */,
				CB8768ACFC2A25686CB4CB2D /* UserEmailItem.swift in Sources */,
				CB8763005226D80CC26B0A86 /* UserEmailCell.swift in Sources */,
				CB87644E67265D1837BA241C /* FeedbackItemProtocol.swift in Sources */,
				CB876C46314A944510B705BC /* Feedback.swift in Sources */,
				CB8768EB44CCBFE8F62D4C57 /* FeedbackGenerator.swift in Sources */,
				CB8764E3BB5456699222209C /* CTFeedbackError.swift in Sources */,
			);
			runOnlyForDeploymentPostprocessing = 0;
		};
		6A4638801F6130D600CD41BC /* Sources */ = {
			isa = PBXSourcesBuildPhase;
			buildActionMask = 2147483647;
			files = (
				CB876950021E6E3F9A40B2B4 /* FeedbackEditingServiceTests.swift in Sources */,
				CB8767760CACB837643E2B3A /* FunctionsTests.swift in Sources */,
			);
			runOnlyForDeploymentPostprocessing = 0;
		};
		6A4638B01F61355600CD41BC /* Sources */ = {
			isa = PBXSourcesBuildPhase;
			buildActionMask = 2147483647;
			files = (
				6A4638B91F61355600CD41BC /* MainViewController.swift in Sources */,
				6A4638B71F61355600CD41BC /* AppDelegate.swift in Sources */,
			);
			runOnlyForDeploymentPostprocessing = 0;
		};
/* End PBXSourcesBuildPhase section */

/* Begin PBXTargetDependency section */
		6A4638871F6130D600CD41BC /* PBXTargetDependency */ = {
			isa = PBXTargetDependency;
			target = 6A46387A1F6130D600CD41BC /* CTFeedbackSwift */;
			targetProxy = 6A4638861F6130D600CD41BC /* PBXContainerItemProxy */;
		};
		6A4638C71F61728400CD41BC /* PBXTargetDependency */ = {
			isa = PBXTargetDependency;
			target = 6A46387A1F6130D600CD41BC /* CTFeedbackSwift */;
			targetProxy = 6A4638C61F61728400CD41BC /* PBXContainerItemProxy */;
		};
/* End PBXTargetDependency section */

/* Begin PBXVariantGroup section */
		6A4638BA1F61355600CD41BC /* Main.storyboard */ = {
			isa = PBXVariantGroup;
			children = (
				6A4638BB1F61355600CD41BC /* Base */,
			);
			name = Main.storyboard;
			sourceTree = "<group>";
		};
		6A4638BF1F61355600CD41BC /* LaunchScreen.storyboard */ = {
			isa = PBXVariantGroup;
			children = (
				6A4638C01F61355600CD41BC /* Base */,
			);
			name = LaunchScreen.storyboard;
			sourceTree = "<group>";
		};
/* End PBXVariantGroup section */

/* Begin XCBuildConfiguration section */
		6A46388D1F6130D600CD41BC /* Debug */ = {
			isa = XCBuildConfiguration;
			buildSettings = {
				ALWAYS_SEARCH_USER_PATHS = NO;
				CLANG_ANALYZER_NONNULL = YES;
				CLANG_ANALYZER_NUMBER_OBJECT_CONVERSION = YES_AGGRESSIVE;
				CLANG_CXX_LANGUAGE_STANDARD = "gnu++14";
				CLANG_CXX_LIBRARY = "libc++";
				CLANG_ENABLE_MODULES = YES;
				CLANG_ENABLE_OBJC_ARC = YES;
				CLANG_WARN_BLOCK_CAPTURE_AUTORELEASING = YES;
				CLANG_WARN_BOOL_CONVERSION = YES;
				CLANG_WARN_COMMA = YES;
				CLANG_WARN_CONSTANT_CONVERSION = YES;
				CLANG_WARN_DIRECT_OBJC_ISA_USAGE = YES_ERROR;
				CLANG_WARN_DOCUMENTATION_COMMENTS = YES;
				CLANG_WARN_EMPTY_BODY = YES;
				CLANG_WARN_ENUM_CONVERSION = YES;
				CLANG_WARN_INFINITE_RECURSION = YES;
				CLANG_WARN_INT_CONVERSION = YES;
				CLANG_WARN_NON_LITERAL_NULL_CONVERSION = YES;
				CLANG_WARN_OBJC_LITERAL_CONVERSION = YES;
				CLANG_WARN_OBJC_ROOT_CLASS = YES_ERROR;
				CLANG_WARN_RANGE_LOOP_ANALYSIS = YES;
				CLANG_WARN_STRICT_PROTOTYPES = YES;
				CLANG_WARN_SUSPICIOUS_MOVE = YES;
				CLANG_WARN_UNGUARDED_AVAILABILITY = YES_AGGRESSIVE;
				CLANG_WARN_UNREACHABLE_CODE = YES;
				CLANG_WARN__DUPLICATE_METHOD_MATCH = YES;
				CODE_SIGN_IDENTITY = "iPhone Developer";
				COPY_PHASE_STRIP = NO;
				CURRENT_PROJECT_VERSION = 1;
				DEBUG_INFORMATION_FORMAT = dwarf;
				ENABLE_STRICT_OBJC_MSGSEND = YES;
				ENABLE_TESTABILITY = YES;
				GCC_C_LANGUAGE_STANDARD = gnu11;
				GCC_DYNAMIC_NO_PIC = NO;
				GCC_NO_COMMON_BLOCKS = YES;
				GCC_OPTIMIZATION_LEVEL = 0;
				GCC_PREPROCESSOR_DEFINITIONS = (
					"DEBUG=1",
					"$(inherited)",
				);
				GCC_WARN_64_TO_32_BIT_CONVERSION = YES;
				GCC_WARN_ABOUT_RETURN_TYPE = YES_ERROR;
				GCC_WARN_UNDECLARED_SELECTOR = YES;
				GCC_WARN_UNINITIALIZED_AUTOS = YES_AGGRESSIVE;
				GCC_WARN_UNUSED_FUNCTION = YES;
				GCC_WARN_UNUSED_VARIABLE = YES;
				IPHONEOS_DEPLOYMENT_TARGET = 11.0;
				MTL_ENABLE_DEBUG_INFO = YES;
				ONLY_ACTIVE_ARCH = YES;
				SDKROOT = iphoneos;
				SWIFT_ACTIVE_COMPILATION_CONDITIONS = DEBUG;
				SWIFT_OPTIMIZATION_LEVEL = "-Onone";
				VERSIONING_SYSTEM = "apple-generic";
				VERSION_INFO_PREFIX = "";
			};
			name = Debug;
		};
		6A46388E1F6130D600CD41BC /* Release */ = {
			isa = XCBuildConfiguration;
			buildSettings = {
				ALWAYS_SEARCH_USER_PATHS = NO;
				CLANG_ANALYZER_NONNULL = YES;
				CLANG_ANALYZER_NUMBER_OBJECT_CONVERSION = YES_AGGRESSIVE;
				CLANG_CXX_LANGUAGE_STANDARD = "gnu++14";
				CLANG_CXX_LIBRARY = "libc++";
				CLANG_ENABLE_MODULES = YES;
				CLANG_ENABLE_OBJC_ARC = YES;
				CLANG_WARN_BLOCK_CAPTURE_AUTORELEASING = YES;
				CLANG_WARN_BOOL_CONVERSION = YES;
				CLANG_WARN_COMMA = YES;
				CLANG_WARN_CONSTANT_CONVERSION = YES;
				CLANG_WARN_DIRECT_OBJC_ISA_USAGE = YES_ERROR;
				CLANG_WARN_DOCUMENTATION_COMMENTS = YES;
				CLANG_WARN_EMPTY_BODY = YES;
				CLANG_WARN_ENUM_CONVERSION = YES;
				CLANG_WARN_INFINITE_RECURSION = YES;
				CLANG_WARN_INT_CONVERSION = YES;
				CLANG_WARN_NON_LITERAL_NULL_CONVERSION = YES;
				CLANG_WARN_OBJC_LITERAL_CONVERSION = YES;
				CLANG_WARN_OBJC_ROOT_CLASS = YES_ERROR;
				CLANG_WARN_RANGE_LOOP_ANALYSIS = YES;
				CLANG_WARN_STRICT_PROTOTYPES = YES;
				CLANG_WARN_SUSPICIOUS_MOVE = YES;
				CLANG_WARN_UNGUARDED_AVAILABILITY = YES_AGGRESSIVE;
				CLANG_WARN_UNREACHABLE_CODE = YES;
				CLANG_WARN__DUPLICATE_METHOD_MATCH = YES;
				CODE_SIGN_IDENTITY = "iPhone Developer";
				COPY_PHASE_STRIP = NO;
				CURRENT_PROJECT_VERSION = 1;
				DEBUG_INFORMATION_FORMAT = "dwarf-with-dsym";
				ENABLE_NS_ASSERTIONS = NO;
				ENABLE_STRICT_OBJC_MSGSEND = YES;
				GCC_C_LANGUAGE_STANDARD = gnu11;
				GCC_NO_COMMON_BLOCKS = YES;
				GCC_WARN_64_TO_32_BIT_CONVERSION = YES;
				GCC_WARN_ABOUT_RETURN_TYPE = YES_ERROR;
				GCC_WARN_UNDECLARED_SELECTOR = YES;
				GCC_WARN_UNINITIALIZED_AUTOS = YES_AGGRESSIVE;
				GCC_WARN_UNUSED_FUNCTION = YES;
				GCC_WARN_UNUSED_VARIABLE = YES;
				IPHONEOS_DEPLOYMENT_TARGET = 11.0;
				MTL_ENABLE_DEBUG_INFO = NO;
				SDKROOT = iphoneos;
				SWIFT_OPTIMIZATION_LEVEL = "-Owholemodule";
				VALIDATE_PRODUCT = YES;
				VERSIONING_SYSTEM = "apple-generic";
				VERSION_INFO_PREFIX = "";
			};
			name = Release;
		};
		6A4638901F6130D600CD41BC /* Debug */ = {
			isa = XCBuildConfiguration;
			buildSettings = {
				CODE_SIGN_IDENTITY = "";
				CODE_SIGN_STYLE = Automatic;
				DEFINES_MODULE = YES;
				DEVELOPMENT_TEAM = RV6DJ2NMCD;
				DYLIB_COMPATIBILITY_VERSION = 1;
				DYLIB_CURRENT_VERSION = 1;
				DYLIB_INSTALL_NAME_BASE = "@rpath";
				INFOPLIST_FILE = CTFeedbackSwift/Info.plist;
				INSTALL_PATH = "$(LOCAL_LIBRARY_DIR)/Frameworks";
				LD_RUNPATH_SEARCH_PATHS = "$(inherited) @executable_path/Frameworks @loader_path/Frameworks";
				PRODUCT_BUNDLE_IDENTIFIER = jp.caph.CTFeedbackSwift;
				PRODUCT_NAME = CTFeedback;
				SKIP_INSTALL = YES;
				SWIFT_VERSION = 4.0;
				TARGETED_DEVICE_FAMILY = "1,2";
			};
			name = Debug;
		};
		6A4638911F6130D600CD41BC /* Release */ = {
			isa = XCBuildConfiguration;
			buildSettings = {
				CODE_SIGN_IDENTITY = "";
				CODE_SIGN_STYLE = Automatic;
				DEFINES_MODULE = YES;
				DEVELOPMENT_TEAM = RV6DJ2NMCD;
				DYLIB_COMPATIBILITY_VERSION = 1;
				DYLIB_CURRENT_VERSION = 1;
				DYLIB_INSTALL_NAME_BASE = "@rpath";
				INFOPLIST_FILE = CTFeedbackSwift/Info.plist;
				INSTALL_PATH = "$(LOCAL_LIBRARY_DIR)/Frameworks";
				LD_RUNPATH_SEARCH_PATHS = "$(inherited) @executable_path/Frameworks @loader_path/Frameworks";
				PRODUCT_BUNDLE_IDENTIFIER = jp.caph.CTFeedbackSwift;
				PRODUCT_NAME = CTFeedback;
				SKIP_INSTALL = YES;
				SWIFT_VERSION = 4.0;
				TARGETED_DEVICE_FAMILY = "1,2";
			};
			name = Release;
		};
		6A4638931F6130D600CD41BC /* Debug */ = {
			isa = XCBuildConfiguration;
			buildSettings = {
				CODE_SIGN_STYLE = Automatic;
				DEVELOPMENT_TEAM = RV6DJ2NMCD;
				INFOPLIST_FILE = CTFeedbackSwiftTests/Info.plist;
				LD_RUNPATH_SEARCH_PATHS = "$(inherited) @executable_path/Frameworks @loader_path/Frameworks";
				PRODUCT_BUNDLE_IDENTIFIER = jp.caph.CTFeedbackSwiftTests;
				PRODUCT_NAME = "$(TARGET_NAME)";
				SWIFT_VERSION = 4.0;
				TARGETED_DEVICE_FAMILY = "1,2";
			};
			name = Debug;
		};
		6A4638941F6130D600CD41BC /* Release */ = {
			isa = XCBuildConfiguration;
			buildSettings = {
				CODE_SIGN_STYLE = Automatic;
				DEVELOPMENT_TEAM = RV6DJ2NMCD;
				INFOPLIST_FILE = CTFeedbackSwiftTests/Info.plist;
				LD_RUNPATH_SEARCH_PATHS = "$(inherited) @executable_path/Frameworks @loader_path/Frameworks";
				PRODUCT_BUNDLE_IDENTIFIER = jp.caph.CTFeedbackSwiftTests;
				PRODUCT_NAME = "$(TARGET_NAME)";
				SWIFT_VERSION = 4.0;
				TARGETED_DEVICE_FAMILY = "1,2";
			};
			name = Release;
		};
		6A4638C31F61355600CD41BC /* Debug */ = {
			isa = XCBuildConfiguration;
			buildSettings = {
				ALWAYS_EMBED_SWIFT_STANDARD_LIBRARIES = YES;
				ASSETCATALOG_COMPILER_APPICON_NAME = AppIcon;
				CODE_SIGN_STYLE = Automatic;
				DEVELOPMENT_TEAM = RV6DJ2NMCD;
				INFOPLIST_FILE = CTFeedbackDemo/Info.plist;
				LD_RUNPATH_SEARCH_PATHS = "$(inherited) @executable_path/Frameworks";
				PRODUCT_BUNDLE_IDENTIFIER = jp.caph.CTFeedbackDemo;
				PRODUCT_NAME = "$(TARGET_NAME)";
				SWIFT_VERSION = 4.0;
				TARGETED_DEVICE_FAMILY = "1,2";
			};
			name = Debug;
		};
		6A4638C41F61355600CD41BC /* Release */ = {
			isa = XCBuildConfiguration;
			buildSettings = {
				ALWAYS_EMBED_SWIFT_STANDARD_LIBRARIES = YES;
				ASSETCATALOG_COMPILER_APPICON_NAME = AppIcon;
				CODE_SIGN_STYLE = Automatic;
				DEVELOPMENT_TEAM = RV6DJ2NMCD;
				INFOPLIST_FILE = CTFeedbackDemo/Info.plist;
				LD_RUNPATH_SEARCH_PATHS = "$(inherited) @executable_path/Frameworks";
				PRODUCT_BUNDLE_IDENTIFIER = jp.caph.CTFeedbackDemo;
				PRODUCT_NAME = "$(TARGET_NAME)";
				SWIFT_VERSION = 4.0;
				TARGETED_DEVICE_FAMILY = "1,2";
			};
			name = Release;
		};
/* End XCBuildConfiguration section */

/* Begin XCConfigurationList section */
		6A4638751F6130D600CD41BC /* Build configuration list for PBXProject "CTFeedbackSwift" */ = {
			isa = XCConfigurationList;
			buildConfigurations = (
				6A46388D1F6130D600CD41BC /* Debug */,
				6A46388E1F6130D600CD41BC /* Release */,
			);
			defaultConfigurationIsVisible = 0;
			defaultConfigurationName = Release;
		};
		6A46388F1F6130D600CD41BC /* Build configuration list for PBXNativeTarget "CTFeedbackSwift" */ = {
			isa = XCConfigurationList;
			buildConfigurations = (
				6A4638901F6130D600CD41BC /* Debug */,
				6A4638911F6130D600CD41BC /* Release */,
			);
			defaultConfigurationIsVisible = 0;
			defaultConfigurationName = Release;
		};
		6A4638921F6130D600CD41BC /* Build configuration list for PBXNativeTarget "CTFeedbackSwiftTests" */ = {
			isa = XCConfigurationList;
			buildConfigurations = (
				6A4638931F6130D600CD41BC /* Debug */,
				6A4638941F6130D600CD41BC /* Release */,
			);
			defaultConfigurationIsVisible = 0;
			defaultConfigurationName = Release;
		};
		6A4638C51F61355600CD41BC /* Build configuration list for PBXNativeTarget "CTFeedbackDemo" */ = {
			isa = XCConfigurationList;
			buildConfigurations = (
				6A4638C31F61355600CD41BC /* Debug */,
				6A4638C41F61355600CD41BC /* Release */,
			);
			defaultConfigurationIsVisible = 0;
			defaultConfigurationName = Release;
		};
/* End XCConfigurationList section */
	};
	rootObject = 6A4638721F6130D600CD41BC /* Project object */;
}
