<?xml version="1.0" encoding="UTF-8"?>
<Scheme
   version = "1.3">
   <BuildAction>
      <BuildActionEntries>
         <BuildActionEntry
            buildForRunning = "YES">
            <BuildableReference
               BuildableIdentifier = "primary"
               BlueprintIdentifier = "6A4638B31F61355600CD41BC"
               BuildableName = "CTFeedbackDemo.app"
               BlueprintName = "CTFeedbackDemo"
               ReferencedContainer = "container:CTFeedbackSwift.xcodeproj">
            </BuildableReference>
         </BuildActionEntry>
      </BuildActionEntries>
   </BuildAction>
   <LaunchAction
      useCustomWorkingDirectory = "NO"
      buildConfiguration = "Debug">
      <BuildableProductRunnable>
         <BuildableReference
            BuildableIdentifier = "primary"
            BlueprintIdentifier = "6A4638B31F61355600CD41BC"
            BuildableName = "CTFeedbackDemo.app"
            BlueprintName = "CTFeedbackDemo"
            ReferencedContainer = "container:CTFeedbackSwift.xcodeproj">
         </BuildableReference>
      </BuildableProductRunnable>
   </LaunchAction>
</Scheme>
